
Microsoft Visual Studio Solution File, Format Version 12.00
# Visual Studio Version 17
VisualStudioVersion = 17.3.32825.248
MinimumVisualStudioVersion = 10.0.40219.1
Project("{FAE04EC0-301F-11D3-BF4B-00C04F79EFBC}") = "Task1", "Task1\Task1.csproj", "{1891B62E-9776-4B5F-94FB-51F3D9048634}"
EndProject
Project("{FAE04EC0-301F-11D3-BF4B-00C04F79EFBC}") = "Task2", "Task2\Task2.csproj", "{BE73158F-B5A3-4BF5-A1FD-BBAC14AED5DF}"
EndProject
Global
	GlobalSection(SolutionConfigurationPlatforms) = preSolution
		Debug|Any CPU = Debug|Any CPU
		Release|Any CPU = Release|Any CPU
	EndGlobalSection
	GlobalSection(ProjectConfigurationPlatforms) = postSolution
		{1891B62E-9776-4B5F-94FB-51F3D9048634}.Debug|Any CPU.ActiveCfg = Debug|Any CPU
		{1891B62E-9776-4B5F-94FB-51F3D9048634}.Debug|Any CPU.Build.0 = Debug|Any CPU
		{1891B62E-9776-4B5F-94FB-51F3D9048634}.Release|Any CPU.ActiveCfg = Release|Any CPU
		{1891B62E-9776-4B5F-94FB-51F3D9048634}.Release|Any CPU.Build.0 = Release|Any CPU
		{BE73158F-B5A3-4BF5-A1FD-BBAC14AED5DF}.Debug|Any CPU.ActiveCfg = Debug|Any CPU
		{BE73158F-B5A3-4BF5-A1FD-BBAC14AED5DF}.Debug|Any CPU.Build.0 = Debug|Any CPU
		{BE73158F-B5A3-4BF5-A1FD-BBAC14AED5DF}.Release|Any CPU.ActiveCfg = Release|Any CPU
		{BE73158F-B5A3-4BF5-A1FD-BBAC14AED5DF}.Release|Any CPU.Build.0 = Release|Any CPU
	EndGlobalSection
	GlobalSection(SolutionProperties) = preSolution
		HideSolutionNode = FALSE
	EndGlobalSection
	GlobalSection(ExtensibilityGlobals) = postSolution
		SolutionGuid = {545F65CA-58F8-494C-94D2-034F35E10F93}
	EndGlobalSection
EndGlobal
